
Microsoft Visual Studio Solution File, Format Version 12.00
# Visual Studio Version 17
VisualStudioVersion = 17.11.35312.102
MinimumVisualStudioVersion = 10.0.40219.1
Project("{2150E333-8FDC-42A3-9474-1A3956D46DE8}") = "Task0", "Task0", "{794062FC-1966-4778-9D8D-A36C69FD4AA1}"
EndProject
Project("{2150E333-8FDC-42A3-9474-1A3956D46DE8}") = "Task1", "Task1", "{20873E31-3871-4BD6-AD15-8930BCA4FB5B}"
EndProject
Project("{9A19103F-16F7-4668-BE54-9A1E7A4F7556}") = "Tyuiu.FamutdinovaJI.Sprint1.Task0.V28.Test", "Tyuiu.FamutdinovaJI.Sprint1.Task0.V28.Test\Tyuiu.FamutdinovaJI.Sprint1.Task0.V28.Test.csproj", "{A936B86B-D529-47B8-9443-E9F7A346F89F}"
EndProject
Project("{9A19103F-16F7-4668-BE54-9A1E7A4F7556}") = "Tyuiu.FamutdinovaJI.Sprint1.Task0.V28.Lib", "Tyuiu.FamutdinovaJI.Sprint1.Task0.V28.Lib\Tyuiu.FamutdinovaJI.Sprint1.Task0.V28.Lib.csproj", "{15CC3B80-4C3B-442C-8B8C-D6EB61FFCBA8}"
EndProject
Project("{9A19103F-16F7-4668-BE54-9A1E7A4F7556}") = "Tyuiu.FamutdinovaJI.Sprint1.Task0.V28", "Tyuiu.FamutdinovaJI.Sprint1.Task0.V28\Tyuiu.FamutdinovaJI.Sprint1.Task0.V28.csproj", "{51E55FC0-0E5C-4058-BC61-E32F171BE4BA}"
EndProject
Project("{9A19103F-16F7-4668-BE54-9A1E7A4F7556}") = "Tyuiu.FamutdinovaJI.Sprint1.Task1.V1", "Tyuiu.FamutdinovaJI.Sprint1.Task1.V1\Tyuiu.FamutdinovaJI.Sprint1.Task1.V1.csproj", "{A4ADEDA2-E5E5-48AF-B571-43DC1BEDA3FE}"
EndProject
Project("{9A19103F-16F7-4668-BE54-9A1E7A4F7556}") = "Tyuiu.FamutdinovaJI.Sprint1.Task1.V1.Lib", "Tyuiu.FamutdinovaJI.Sprint1.Task1.V1.Lib\Tyuiu.FamutdinovaJI.Sprint1.Task1.V1.Lib.csproj", "{C2848125-7B80-4ED9-97E6-B93DAE476EC6}"
EndProject
Project("{9A19103F-16F7-4668-BE54-9A1E7A4F7556}") = "Tyuiu.FamutdinovaJI.Sprint1.Task1.V1.Test", "Tyuiu.FamutdinovaJI.Sprint1.Task1.V1.Test\Tyuiu.FamutdinovaJI.Sprint1.Task1.V1.Test.csproj", "{38678F0C-2654-4E19-91BA-4F2E1E06BF85}"
EndProject
Project("{2150E333-8FDC-42A3-9474-1A3956D46DE8}") = "Task2", "Task2", "{9FD8E938-14C6-4F45-A732-3338553365A8}"
EndProject
Project("{FAE04EC0-301F-11D3-BF4B-00C04F79EFBC}") = "Tyuiu.FamutdinovaJI.Sprint1.Task2.V1", "Tyuiu.FamutdinovaJI.Sprint1.Task2.V1\Tyuiu.FamutdinovaJI.Sprint1.Task2.V1.csproj", "{942DF2F1-6ED4-456D-B1A3-0A79EDC87052}"
EndProject
Project("{FAE04EC0-301F-11D3-BF4B-00C04F79EFBC}") = "Tyuiu.FamutdinovaJI.Sprint1.Task2.V1.Lib", "Tyuiu.FamutdinovaJI.Sprint1.Task2.V1.Lib\Tyuiu.FamutdinovaJI.Sprint1.Task2.V1.Lib.csproj", "{8B5616DE-57A9-47DA-8A0C-5828E5392C7B}"
EndProject
Project("{FAE04EC0-301F-11D3-BF4B-00C04F79EFBC}") = "Tyuiu.FamutdinovaJI.Sprint1.Task2.V1.Test", "Tyuiu.FamutdinovaJI.Sprint1.Task2.V1.Test\Tyuiu.FamutdinovaJI.Sprint1.Task2.V1.Test.csproj", "{2DEBAE3F-8914-411B-9046-96CAB77BFF3D}"
EndProject
Project("{2150E333-8FDC-42A3-9474-1A3956D46DE8}") = "Task3", "Task3", "{00FA1813-DB4A-42A6-A44E-ED052B736F0E}"
EndProject
Project("{FAE04EC0-301F-11D3-BF4B-00C04F79EFBC}") = "Tyuiu.FamutdinovaJI.Sprint1.Task3.V11", "Tyuiu.FamutdinovaJI.Sprint1.Task3.V11\Tyuiu.FamutdinovaJI.Sprint1.Task3.V11.csproj", "{62FA0FA2-76C5-4050-8A86-707C210D24C3}"
EndProject
Project("{FAE04EC0-301F-11D3-BF4B-00C04F79EFBC}") = "Tyuiu.FamutdinovaJI.Sprint1.Task3.V11.Lib", "Tyuiu.FamutdinovaJI.Sprint1.Task3.V11.Lib\Tyuiu.FamutdinovaJI.Sprint1.Task3.V11.Lib.csproj", "{EA28B3BF-44D2-40A4-8C52-D622AC6B82DD}"
EndProject
Project("{FAE04EC0-301F-11D3-BF4B-00C04F79EFBC}") = "Tyuiu.FamutdinovaJI.Sprint1.Task3.V11.Test", "Tyuiu.FamutdinovaJI.Sprint1.Task3.V11.Test\Tyuiu.FamutdinovaJI.Sprint1.Task3.V11.Test.csproj", "{3DF0757F-FB2C-4611-8909-5F6E9CBEB680}"
EndProject
Project("{2150E333-8FDC-42A3-9474-1A3956D46DE8}") = "Task4", "Task4", "{9FFE1A71-92B8-4374-8968-5E5F009519CE}"
EndProject
Project("{FAE04EC0-301F-11D3-BF4B-00C04F79EFBC}") = "Tyuiu.FamutdinovaJI.Sprint1.Task4.V7", "Tyuiu.FamutdinovaJI.Sprint1.Task4.V7\Tyuiu.FamutdinovaJI.Sprint1.Task4.V7.csproj", "{9914C7BB-0F57-4ED2-9DCF-3ACB5A14C003}"
EndProject
Project("{FAE04EC0-301F-11D3-BF4B-00C04F79EFBC}") = "Tyuiu.FamutdinovaJI.Sprint1.Task4.V7.Lib", "Tyuiu.FamutdinovaJI.Sprint1.Task4.V7.Lib\Tyuiu.FamutdinovaJI.Sprint1.Task4.V7.Lib.csproj", "{EBB347D1-1602-4619-89BE-D45EEAE4A667}"
EndProject
Project("{FAE04EC0-301F-11D3-BF4B-00C04F79EFBC}") = "Tyuiu.FamutdinovaJI.Sprint1.Task4.V7.Test", "Tyuiu.FamutdinovaJI.Sprint1.Task4.V7.Test\Tyuiu.FamutdinovaJI.Sprint1.Task4.V7.Test.csproj", "{65DDA672-CFE5-420B-A2C5-A1C5A6D69913}"
EndProject
Project("{2150E333-8FDC-42A3-9474-1A3956D46DE8}") = "Task5", "Task5", "{0BB31466-71B6-4653-A492-65515266624B}"
EndProject
Project("{FAE04EC0-301F-11D3-BF4B-00C04F79EFBC}") = "Tyuiu.FamutdinovaJI.Sprint1.Task5.V3", "Tyuiu.FamutdinovaJI.Sprint1.Task5.V3\Tyuiu.FamutdinovaJI.Sprint1.Task5.V3.csproj", "{A4AE73D2-D3A7-407B-A803-C564AF9D5A5B}"
EndProject
Project("{FAE04EC0-301F-11D3-BF4B-00C04F79EFBC}") = "Tyuiu.FamutdinovaJI.Sprint1.Task5.V3.Lib", "Tyuiu.FamutdinovaJI.Sprint1.Task5.V3.Lib\Tyuiu.FamutdinovaJI.Sprint1.Task5.V3.Lib.csproj", "{9223A9A5-DF2B-4217-85F3-1E0F6A0D235B}"
EndProject
Project("{FAE04EC0-301F-11D3-BF4B-00C04F79EFBC}") = "Tyuiu.FamutdinovaJI.Sprint1.Task5.V3.Test", "Tyuiu.FamutdinovaJI.Sprint1.Task5.V3.Test\Tyuiu.FamutdinovaJI.Sprint1.Task5.V3.Test.csproj", "{583FFC79-BCA5-4243-BEA0-3C560A17E72D}"
EndProject
Project("{2150E333-8FDC-42A3-9474-1A3956D46DE8}") = "Task6", "Task6", "{AC500BB5-4D2D-4B46-9677-0425E3634A81}"
EndProject
Project("{FAE04EC0-301F-11D3-BF4B-00C04F79EFBC}") = "Tyuiu.FamutdinovaJI.Sprint1.Task6.V5", "Tyuiu.FamutdinovaJI.Sprint1.Task6.V5\Tyuiu.FamutdinovaJI.Sprint1.Task6.V5.csproj", "{06E0B171-2A97-4913-9AAF-2AD0F015F4AD}"
EndProject
Project("{FAE04EC0-301F-11D3-BF4B-00C04F79EFBC}") = "Tyuiu.FamutdinovaJI.Sprint1.Task6.V5.Lib", "Tyuiu.FamutdinovaJI.Sprint1.Task6.V5.Lib\Tyuiu.FamutdinovaJI.Sprint1.Task6.V5.Lib.csproj", "{E5D82A02-E8D9-479A-91EC-FC9A446D3469}"
EndProject
Project("{FAE04EC0-301F-11D3-BF4B-00C04F79EFBC}") = "Tyuiu.FamutdinovaJI.Sprint1.Task6.V5.Test", "Tyuiu.FamutdinovaJI.Sprint1.Task6.V5.Test\Tyuiu.FamutdinovaJI.Sprint1.Task6.V5.Test.csproj", "{D6847536-8FAB-4533-BC53-37BEEB87F770}"
EndProject
Project("{2150E333-8FDC-42A3-9474-1A3956D46DE8}") = "Task7", "Task7", "{0D09E061-1A4C-4776-A0E2-AA1AF08E7340}"
EndProject
Project("{FAE04EC0-301F-11D3-BF4B-00C04F79EFBC}") = "Tyuiu.FamutdinovaJI.Sprint1.Task7.V8", "Tyuiu.FamutdinovaJI.Sprint1.Task7.V8\Tyuiu.FamutdinovaJI.Sprint1.Task7.V8.csproj", "{EB5156C9-ED71-4372-8CCA-A47B3AE0710E}"
EndProject
Project("{FAE04EC0-301F-11D3-BF4B-00C04F79EFBC}") = "Tyuiu.FamutdinovaJI.Sprint1.Task7.V8.Lib", "Tyuiu.FamutdinovaJI.Sprint1.Task7.V8.Lib\Tyuiu.FamutdinovaJI.Sprint1.Task7.V8.Lib.csproj", "{F4814942-8AFC-46DD-9C39-ADD059DF6F18}"
EndProject
Project("{FAE04EC0-301F-11D3-BF4B-00C04F79EFBC}") = "Tyuiu.FamutdinovaJI.Sprint1.Task7.V8.Test", "Tyuiu.FamutdinovaJI.Sprint1.Task7.V8.Test\Tyuiu.FamutdinovaJI.Sprint1.Task7.V8.Test.csproj", "{7C00DA68-6DAF-441F-97EA-F14470CE7B57}"
EndProject
Global
	GlobalSection(SolutionConfigurationPlatforms) = preSolution
		Debug|Any CPU = Debug|Any CPU
		Release|Any CPU = Release|Any CPU
	EndGlobalSection
	GlobalSection(ProjectConfigurationPlatforms) = postSolution
		{A936B86B-D529-47B8-9443-E9F7A346F89F}.Debug|Any CPU.ActiveCfg = Debug|Any CPU
		{A936B86B-D529-47B8-9443-E9F7A346F89F}.Debug|Any CPU.Build.0 = Debug|Any CPU
		{A936B86B-D529-47B8-9443-E9F7A346F89F}.Release|Any CPU.ActiveCfg = Release|Any CPU
		{A936B86B-D529-47B8-9443-E9F7A346F89F}.Release|Any CPU.Build.0 = Release|Any CPU
		{15CC3B80-4C3B-442C-8B8C-D6EB61FFCBA8}.Debug|Any CPU.ActiveCfg = Debug|Any CPU
		{15CC3B80-4C3B-442C-8B8C-D6EB61FFCBA8}.Debug|Any CPU.Build.0 = Debug|Any CPU
		{15CC3B80-4C3B-442C-8B8C-D6EB61FFCBA8}.Release|Any CPU.ActiveCfg = Release|Any CPU
		{15CC3B80-4C3B-442C-8B8C-D6EB61FFCBA8}.Release|Any CPU.Build.0 = Release|Any CPU
		{51E55FC0-0E5C-4058-BC61-E32F171BE4BA}.Debug|Any CPU.ActiveCfg = Debug|Any CPU
		{51E55FC0-0E5C-4058-BC61-E32F171BE4BA}.Debug|Any CPU.Build.0 = Debug|Any CPU
		{51E55FC0-0E5C-4058-BC61-E32F171BE4BA}.Release|Any CPU.ActiveCfg = Release|Any CPU
		{51E55FC0-0E5C-4058-BC61-E32F171BE4BA}.Release|Any CPU.Build.0 = Release|Any CPU
		{A4ADEDA2-E5E5-48AF-B571-43DC1BEDA3FE}.Debug|Any CPU.ActiveCfg = Debug|Any CPU
		{A4ADEDA2-E5E5-48AF-B571-43DC1BEDA3FE}.Debug|Any CPU.Build.0 = Debug|Any CPU
		{A4ADEDA2-E5E5-48AF-B571-43DC1BEDA3FE}.Release|Any CPU.ActiveCfg = Release|Any CPU
		{A4ADEDA2-E5E5-48AF-B571-43DC1BEDA3FE}.Release|Any CPU.Build.0 = Release|Any CPU
		{C2848125-7B80-4ED9-97E6-B93DAE476EC6}.Debug|Any CPU.ActiveCfg = Debug|Any CPU
		{C2848125-7B80-4ED9-97E6-B93DAE476EC6}.Debug|Any CPU.Build.0 = Debug|Any CPU
		{C2848125-7B80-4ED9-97E6-B93DAE476EC6}.Release|Any CPU.ActiveCfg = Release|Any CPU
		{C2848125-7B80-4ED9-97E6-B93DAE476EC6}.Release|Any CPU.Build.0 = Release|Any CPU
		{38678F0C-2654-4E19-91BA-4F2E1E06BF85}.Debug|Any CPU.ActiveCfg = Debug|Any CPU
		{38678F0C-2654-4E19-91BA-4F2E1E06BF85}.Debug|Any CPU.Build.0 = Debug|Any CPU
		{38678F0C-2654-4E19-91BA-4F2E1E06BF85}.Release|Any CPU.ActiveCfg = Release|Any CPU
		{38678F0C-2654-4E19-91BA-4F2E1E06BF85}.Release|Any CPU.Build.0 = Release|Any CPU
		{942DF2F1-6ED4-456D-B1A3-0A79EDC87052}.Debug|Any CPU.ActiveCfg = Debug|Any CPU
		{942DF2F1-6ED4-456D-B1A3-0A79EDC87052}.Debug|Any CPU.Build.0 = Debug|Any CPU
		{942DF2F1-6ED4-456D-B1A3-0A79EDC87052}.Release|Any CPU.ActiveCfg = Release|Any CPU
		{942DF2F1-6ED4-456D-B1A3-0A79EDC87052}.Release|Any CPU.Build.0 = Release|Any CPU
		{8B5616DE-57A9-47DA-8A0C-5828E5392C7B}.Debug|Any CPU.ActiveCfg = Debug|Any CPU
		{8B5616DE-57A9-47DA-8A0C-5828E5392C7B}.Debug|Any CPU.Build.0 = Debug|Any CPU
		{8B5616DE-57A9-47DA-8A0C-5828E5392C7B}.Release|Any CPU.ActiveCfg = Release|Any CPU
		{8B5616DE-57A9-47DA-8A0C-5828E5392C7B}.Release|Any CPU.Build.0 = Release|Any CPU
		{2DEBAE3F-8914-411B-9046-96CAB77BFF3D}.Debug|Any CPU.ActiveCfg = Debug|Any CPU
		{2DEBAE3F-8914-411B-9046-96CAB77BFF3D}.Debug|Any CPU.Build.0 = Debug|Any CPU
		{2DEBAE3F-8914-411B-9046-96CAB77BFF3D}.Release|Any CPU.ActiveCfg = Release|Any CPU
		{2DEBAE3F-8914-411B-9046-96CAB77BFF3D}.Release|Any CPU.Build.0 = Release|Any CPU
		{62FA0FA2-76C5-4050-8A86-707C210D24C3}.Debug|Any CPU.ActiveCfg = Debug|Any CPU
		{62FA0FA2-76C5-4050-8A86-707C210D24C3}.Debug|Any CPU.Build.0 = Debug|Any CPU
		{62FA0FA2-76C5-4050-8A86-707C210D24C3}.Release|Any CPU.ActiveCfg = Release|Any CPU
		{62FA0FA2-76C5-4050-8A86-707C210D24C3}.Release|Any CPU.Build.0 = Release|Any CPU
		{EA28B3BF-44D2-40A4-8C52-D622AC6B82DD}.Debug|Any CPU.ActiveCfg = Debug|Any CPU
		{EA28B3BF-44D2-40A4-8C52-D622AC6B82DD}.Debug|Any CPU.Build.0 = Debug|Any CPU
		{EA28B3BF-44D2-40A4-8C52-D622AC6B82DD}.Release|Any CPU.ActiveCfg = Release|Any CPU
		{EA28B3BF-44D2-40A4-8C52-D622AC6B82DD}.Release|Any CPU.Build.0 = Release|Any CPU
		{3DF0757F-FB2C-4611-8909-5F6E9CBEB680}.Debug|Any CPU.ActiveCfg = Debug|Any CPU
		{3DF0757F-FB2C-4611-8909-5F6E9CBEB680}.Debug|Any CPU.Build.0 = Debug|Any CPU
		{3DF0757F-FB2C-4611-8909-5F6E9CBEB680}.Release|Any CPU.ActiveCfg = Release|Any CPU
		{3DF0757F-FB2C-4611-8909-5F6E9CBEB680}.Release|Any CPU.Build.0 = Release|Any CPU
		{9914C7BB-0F57-4ED2-9DCF-3ACB5A14C003}.Debug|Any CPU.ActiveCfg = Debug|Any CPU
		{9914C7BB-0F57-4ED2-9DCF-3ACB5A14C003}.Debug|Any CPU.Build.0 = Debug|Any CPU
		{9914C7BB-0F57-4ED2-9DCF-3ACB5A14C003}.Release|Any CPU.ActiveCfg = Release|Any CPU
		{9914C7BB-0F57-4ED2-9DCF-3ACB5A14C003}.Release|Any CPU.Build.0 = Release|Any CPU
		{EBB347D1-1602-4619-89BE-D45EEAE4A667}.Debug|Any CPU.ActiveCfg = Debug|Any CPU
		{EBB347D1-1602-4619-89BE-D45EEAE4A667}.Debug|Any CPU.Build.0 = Debug|Any CPU
		{EBB347D1-1602-4619-89BE-D45EEAE4A667}.Release|Any CPU.ActiveCfg = Release|Any CPU
		{EBB347D1-1602-4619-89BE-D45EEAE4A667}.Release|Any CPU.Build.0 = Release|Any CPU
		{65DDA672-CFE5-420B-A2C5-A1C5A6D69913}.Debug|Any CPU.ActiveCfg = Debug|Any CPU
		{65DDA672-CFE5-420B-A2C5-A1C5A6D69913}.Debug|Any CPU.Build.0 = Debug|Any CPU
		{65DDA672-CFE5-420B-A2C5-A1C5A6D69913}.Release|Any CPU.ActiveCfg = Release|Any CPU
		{65DDA672-CFE5-420B-A2C5-A1C5A6D69913}.Release|Any CPU.Build.0 = Release|Any CPU
		{A4AE73D2-D3A7-407B-A803-C564AF9D5A5B}.Debug|Any CPU.ActiveCfg = Debug|Any CPU
		{A4AE73D2-D3A7-407B-A803-C564AF9D5A5B}.Debug|Any CPU.Build.0 = Debug|Any CPU
		{A4AE73D2-D3A7-407B-A803-C564AF9D5A5B}.Release|Any CPU.ActiveCfg = Release|Any CPU
		{A4AE73D2-D3A7-407B-A803-C564AF9D5A5B}.Release|Any CPU.Build.0 = Release|Any CPU
		{9223A9A5-DF2B-4217-85F3-1E0F6A0D235B}.Debug|Any CPU.ActiveCfg = Debug|Any CPU
		{9223A9A5-DF2B-4217-85F3-1E0F6A0D235B}.Debug|Any CPU.Build.0 = Debug|Any CPU
		{9223A9A5-DF2B-4217-85F3-1E0F6A0D235B}.Release|Any CPU.ActiveCfg = Release|Any CPU
		{9223A9A5-DF2B-4217-85F3-1E0F6A0D235B}.Release|Any CPU.Build.0 = Release|Any CPU
		{583FFC79-BCA5-4243-BEA0-3C560A17E72D}.Debug|Any CPU.ActiveCfg = Debug|Any CPU
		{583FFC79-BCA5-4243-BEA0-3C560A17E72D}.Debug|Any CPU.Build.0 = Debug|Any CPU
		{583FFC79-BCA5-4243-BEA0-3C560A17E72D}.Release|Any CPU.ActiveCfg = Release|Any CPU
		{583FFC79-BCA5-4243-BEA0-3C560A17E72D}.Release|Any CPU.Build.0 = Release|Any CPU
		{06E0B171-2A97-4913-9AAF-2AD0F015F4AD}.Debug|Any CPU.ActiveCfg = Debug|Any CPU
		{06E0B171-2A97-4913-9AAF-2AD0F015F4AD}.Debug|Any CPU.Build.0 = Debug|Any CPU
		{06E0B171-2A97-4913-9AAF-2AD0F015F4AD}.Release|Any CPU.ActiveCfg = Release|Any CPU
		{06E0B171-2A97-4913-9AAF-2AD0F015F4AD}.Release|Any CPU.Build.0 = Release|Any CPU
		{E5D82A02-E8D9-479A-91EC-FC9A446D3469}.Debug|Any CPU.ActiveCfg = Debug|Any CPU
		{E5D82A02-E8D9-479A-91EC-FC9A446D3469}.Debug|Any CPU.Build.0 = Debug|Any CPU
		{E5D82A02-E8D9-479A-91EC-FC9A446D3469}.Release|Any CPU.ActiveCfg = Release|Any CPU
		{E5D82A02-E8D9-479A-91EC-FC9A446D3469}.Release|Any CPU.Build.0 = Release|Any CPU
		{D6847536-8FAB-4533-BC53-37BEEB87F770}.Debug|Any CPU.ActiveCfg = Debug|Any CPU
		{D6847536-8FAB-4533-BC53-37BEEB87F770}.Debug|Any CPU.Build.0 = Debug|Any CPU
		{D6847536-8FAB-4533-BC53-37BEEB87F770}.Release|Any CPU.ActiveCfg = Release|Any CPU
		{D6847536-8FAB-4533-BC53-37BEEB87F770}.Release|Any CPU.Build.0 = Release|Any CPU
		{EB5156C9-ED71-4372-8CCA-A47B3AE0710E}.Debug|Any CPU.ActiveCfg = Debug|Any CPU
		{EB5156C9-ED71-4372-8CCA-A47B3AE0710E}.Debug|Any CPU.Build.0 = Debug|Any CPU
		{EB5156C9-ED71-4372-8CCA-A47B3AE0710E}.Release|Any CPU.ActiveCfg = Release|Any CPU
		{EB5156C9-ED71-4372-8CCA-A47B3AE0710E}.Release|Any CPU.Build.0 = Release|Any CPU
		{F4814942-8AFC-46DD-9C39-ADD059DF6F18}.Debug|Any CPU.ActiveCfg = Debug|Any CPU
		{F4814942-8AFC-46DD-9C39-ADD059DF6F18}.Debug|Any CPU.Build.0 = Debug|Any CPU
		{F4814942-8AFC-46DD-9C39-ADD059DF6F18}.Release|Any CPU.ActiveCfg = Release|Any CPU
		{F4814942-8AFC-46DD-9C39-ADD059DF6F18}.Release|Any CPU.Build.0 = Release|Any CPU
		{7C00DA68-6DAF-441F-97EA-F14470CE7B57}.Debug|Any CPU.ActiveCfg = Debug|Any CPU
		{7C00DA68-6DAF-441F-97EA-F14470CE7B57}.Debug|Any CPU.Build.0 = Debug|Any CPU
		{7C00DA68-6DAF-441F-97EA-F14470CE7B57}.Release|Any CPU.ActiveCfg = Release|Any CPU
		{7C00DA68-6DAF-441F-97EA-F14470CE7B57}.Release|Any CPU.Build.0 = Release|Any CPU
	EndGlobalSection
	GlobalSection(SolutionProperties) = preSolution
		HideSolutionNode = FALSE
	EndGlobalSection
	GlobalSection(NestedProjects) = preSolution
		{A936B86B-D529-47B8-9443-E9F7A346F89F} = {794062FC-1966-4778-9D8D-A36C69FD4AA1}
		{15CC3B80-4C3B-442C-8B8C-D6EB61FFCBA8} = {794062FC-1966-4778-9D8D-A36C69FD4AA1}
		{51E55FC0-0E5C-4058-BC61-E32F171BE4BA} = {794062FC-1966-4778-9D8D-A36C69FD4AA1}
		{A4ADEDA2-E5E5-48AF-B571-43DC1BEDA3FE} = {20873E31-3871-4BD6-AD15-8930BCA4FB5B}
		{C2848125-7B80-4ED9-97E6-B93DAE476EC6} = {20873E31-3871-4BD6-AD15-8930BCA4FB5B}
		{38678F0C-2654-4E19-91BA-4F2E1E06BF85} = {20873E31-3871-4BD6-AD15-8930BCA4FB5B}
		{942DF2F1-6ED4-456D-B1A3-0A79EDC87052} = {9FD8E938-14C6-4F45-A732-3338553365A8}
		{8B5616DE-57A9-47DA-8A0C-5828E5392C7B} = {9FD8E938-14C6-4F45-A732-3338553365A8}
		{2DEBAE3F-8914-411B-9046-96CAB77BFF3D} = {00FA1813-DB4A-42A6-A44E-ED052B736F0E}
		{62FA0FA2-76C5-4050-8A86-707C210D24C3} = {00FA1813-DB4A-42A6-A44E-ED052B736F0E}
		{EA28B3BF-44D2-40A4-8C52-D622AC6B82DD} = {00FA1813-DB4A-42A6-A44E-ED052B736F0E}
		{3DF0757F-FB2C-4611-8909-5F6E9CBEB680} = {00FA1813-DB4A-42A6-A44E-ED052B736F0E}
		{9914C7BB-0F57-4ED2-9DCF-3ACB5A14C003} = {9FFE1A71-92B8-4374-8968-5E5F009519CE}
		{EBB347D1-1602-4619-89BE-D45EEAE4A667} = {9FFE1A71-92B8-4374-8968-5E5F009519CE}
		{65DDA672-CFE5-420B-A2C5-A1C5A6D69913} = {9FFE1A71-92B8-4374-8968-5E5F009519CE}
		{A4AE73D2-D3A7-407B-A803-C564AF9D5A5B} = {0BB31466-71B6-4653-A492-65515266624B}
		{9223A9A5-DF2B-4217-85F3-1E0F6A0D235B} = {0BB31466-71B6-4653-A492-65515266624B}
		{583FFC79-BCA5-4243-BEA0-3C560A17E72D} = {0BB31466-71B6-4653-A492-65515266624B}
		{06E0B171-2A97-4913-9AAF-2AD0F015F4AD} = {AC500BB5-4D2D-4B46-9677-0425E3634A81}
		{E5D82A02-E8D9-479A-91EC-FC9A446D3469} = {AC500BB5-4D2D-4B46-9677-0425E3634A81}
		{D6847536-8FAB-4533-BC53-37BEEB87F770} = {AC500BB5-4D2D-4B46-9677-0425E3634A81}
		{EB5156C9-ED71-4372-8CCA-A47B3AE0710E} = {0D09E061-1A4C-4776-A0E2-AA1AF08E7340}
		{F4814942-8AFC-46DD-9C39-ADD059DF6F18} = {0D09E061-1A4C-4776-A0E2-AA1AF08E7340}
		{7C00DA68-6DAF-441F-97EA-F14470CE7B57} = {0D09E061-1A4C-4776-A0E2-AA1AF08E7340}
	EndGlobalSection
	GlobalSection(ExtensibilityGlobals) = postSolution
		SolutionGuid = {0E462EE2-7149-46EB-83BD-F268E6A14933}
	EndGlobalSection
EndGlobal
